
Microsoft Visual Studio Solution File, Format Version 12.00
# Visual Studio Version 17
VisualStudioVersion = 17.5.33424.131
MinimumVisualStudioVersion = 10.0.40219.1
Project("{FAE04EC0-301F-11D3-BF4B-00C04F79EFBC}") = "ado.net inventory2", "ado.net inventory2\ado.net inventory2.csproj", "{4021C806-A795-4AD7-938E-17538A650386}"
EndProject
Global
	GlobalSection(SolutionConfigurationPlatforms) = preSolution
		Debug|Any CPU = Debug|Any CPU
		Release|Any CPU = Release|Any CPU
	EndGlobalSection
	GlobalSection(ProjectConfigurationPlatforms) = postSolution
		{4021C806-A795-4AD7-938E-17538A650386}.Debug|Any CPU.ActiveCfg = Debug|Any CPU
		{4021C806-A795-4AD7-938E-17538A650386}.Debug|Any CPU.Build.0 = Debug|Any CPU
		{4021C806-A795-4AD7-938E-17538A650386}.Release|Any CPU.ActiveCfg = Release|Any CPU
		{4021C806-A795-4AD7-938E-17538A650386}.Release|Any CPU.Build.0 = Release|Any CPU
	EndGlobalSection
	GlobalSection(SolutionProperties) = preSolution
		HideSolutionNode = FALSE
	EndGlobalSection
	GlobalSection(ExtensibilityGlobals) = postSolution
		SolutionGuid = {7BAEDA26-8A0F-453B-9D96-862A72CA1B34}
	EndGlobalSection
EndGlobal
